// !$*UTF8*$!
{
	archiveVersion = 1;
	classes = {
	};
	objectVersion = 50;
	objects = {

/* Begin PBXBuildFile section */
		D01A93F6247813750006F0B6 /* AppDelegate.swift in Sources */ = {isa = PBXBuildFile; fileRef = D01A93F5247813750006F0B6 /* AppDelegate.swift */; };
		D01A93F8247813750006F0B6 /* GameScene.sks in Resources */ = {isa = PBXBuildFile; fileRef = D01A93F7247813750006F0B6 /* GameScene.sks */; };
		D01A93FA247813750006F0B6 /* Actions.sks in Resources */ = {isa = PBXBuildFile; fileRef = D01A93F9247813750006F0B6 /* Actions.sks */; };
		D01A93FC247813750006F0B6 /* GameScene.swift in Sources */ = {isa = PBXBuildFile; fileRef = D01A93FB247813750006F0B6 /* GameScene.swift */; };
		D01A93FE247813750006F0B6 /* GameViewController.swift in Sources */ = {isa = PBXBuildFile; fileRef = D01A93FD247813750006F0B6 /* GameViewController.swift */; };
		D01A9401247813750006F0B6 /* Main.storyboard in Resources */ = {isa = PBXBuildFile; fileRef = D01A93FF247813750006F0B6 /* Main.storyboard */; };
		D01A9403247813770006F0B6 /* Assets.xcassets in Resources */ = {isa = PBXBuildFile; fileRef = D01A9402247813770006F0B6 /* Assets.xcassets */; };
		D01A9406247813770006F0B6 /* LaunchScreen.storyboard in Resources */ = {isa = PBXBuildFile; fileRef = D01A9404247813770006F0B6 /* LaunchScreen.storyboard */; };
		D01A9411247813780006F0B6 /* SpaceShooterTests.swift in Sources */ = {isa = PBXBuildFile; fileRef = D01A9410247813780006F0B6 /* SpaceShooterTests.swift */; };
		D01A941C247813780006F0B6 /* SpaceShooterUITests.swift in Sources */ = {isa = PBXBuildFile; fileRef = D01A941B247813780006F0B6 /* SpaceShooterUITests.swift */; };
/* End PBXBuildFile section */

/* Begin PBXContainerItemProxy section */
		D01A940D247813780006F0B6 /* PBXContainerItemProxy */ = {
			isa = PBXContainerItemProxy;
			containerPortal = D01A93EA247813750006F0B6 /* Project object */;
			proxyType = 1;
			remoteGlobalIDString = D01A93F1247813750006F0B6;
			remoteInfo = SpaceShooter;
		};
		D01A9418247813780006F0B6 /* PBXContainerItemProxy */ = {
			isa = PBXContainerItemProxy;
			containerPortal = D01A93EA247813750006F0B6 /* Project object */;
			proxyType = 1;
			remoteGlobalIDString = D01A93F1247813750006F0B6;
			remoteInfo = SpaceShooter;
		};
/* End PBXContainerItemProxy section */

/* Begin PBXFileReference section */
		D01A93F2247813750006F0B6 /* SpaceShooter.app */ = {isa = PBXFileReference; explicitFileType = wrapper.application; includeInIndex = 0; path = SpaceShooter.app; sourceTree = BUILT_PRODUCTS_DIR; };
		D01A93F5247813750006F0B6 /* AppDelegate.swift */ = {isa = PBXFileReference; lastKnownFileType = sourcecode.swift; path = AppDelegate.swift; sourceTree = "<group>"; };
		D01A93F7247813750006F0B6 /* GameScene.sks */ = {isa = PBXFileReference; lastKnownFileType = file.sks; path = GameScene.sks; sourceTree = "<group>"; };
		D01A93F9247813750006F0B6 /* Actions.sks */ = {isa = PBXFileReference; lastKnownFileType = file.sks; path = Actions.sks; sourceTree = "<group>"; };
		D01A93FB247813750006F0B6 /* GameScene.swift */ = {isa = PBXFileReference; lastKnownFileType = sourcecode.swift; path = GameScene.swift; sourceTree = "<group>"; };
		D01A93FD247813750006F0B6 /* GameViewController.swift */ = {isa = PBXFileReference; lastKnownFileType = sourcecode.swift; path = GameViewController.swift; sourceTree = "<group>"; };
		D01A9400247813750006F0B6 /* Base */ = {isa = PBXFileReference; lastKnownFileType = file.storyboard; name = Base; path = Base.lproj/Main.storyboard; sourceTree = "<group>"; };
		D01A9402247813770006F0B6 /* Assets.xcassets */ = {isa = PBXFileReference; lastKnownFileType = folder.assetcatalog; path = Assets.xcassets; sourceTree = "<group>"; };
		D01A9405247813770006F0B6 /* Base */ = {isa = PBXFileReference; lastKnownFileType = file.storyboard; name = Base; path = Base.lproj/LaunchScreen.storyboard; sourceTree = "<group>"; };
		D01A9407247813770006F0B6 /* Info.plist */ = {isa = PBXFileReference; lastKnownFileType = text.plist.xml; path = Info.plist; sourceTree = "<group>"; };
		D01A940C247813780006F0B6 /* SpaceShooterTests.xctest */ = {isa = PBXFileReference; explicitFileType = wrapper.cfbundle; includeInIndex = 0; path = SpaceShooterTests.xctest; sourceTree = BUILT_PRODUCTS_DIR; };
		D01A9410247813780006F0B6 /* SpaceShooterTests.swift */ = {isa = PBXFileReference; lastKnownFileType = sourcecode.swift; path = SpaceShooterTests.swift; sourceTree = "<group>"; };
		D01A9412247813780006F0B6 /* Info.plist */ = {isa = PBXFileReference; lastKnownFileType = text.plist.xml; path = Info.plist; sourceTree = "<group>"; };
		D01A9417247813780006F0B6 /* SpaceShooterUITests.xctest */ = {isa = PBXFileReference; explicitFileType = wrapper.cfbundle; includeInIndex = 0; path = SpaceShooterUITests.xctest; sourceTree = BUILT_PRODUCTS_DIR; };
		D01A941B247813780006F0B6 /* SpaceShooterUITests.swift */ = {isa = PBXFileReference; lastKnownFileType = sourcecode.swift; path = SpaceShooterUITests.swift; sourceTree = "<group>"; };
		D01A941D247813780006F0B6 /* Info.plist */ = {isa = PBXFileReference; lastKnownFileType = text.plist.xml; path = Info.plist; sourceTree = "<group>"; };
/* End PBXFileReference section */

/* Begin PBXFrameworksBuildPhase section */
		D01A93EF247813750006F0B6 /* Frameworks */ = {
			isa = PBXFrameworksBuildPhase;
			buildActionMask = 2147483647;
			files = (
			);
			runOnlyForDeploymentPostprocessing = 0;
		};
		D01A9409247813780006F0B6 /* Frameworks */ = {
			isa = PBXFrameworksBuildPhase;
			buildActionMask = 2147483647;
			files = (
			);
			runOnlyForDeploymentPostprocessing = 0;
		};
		D01A9414247813780006F0B6 /* Frameworks */ = {
			isa = PBXFrameworksBuildPhase;
			buildActionMask = 2147483647;
			files = (
			);
			runOnlyForDeploymentPostprocessing = 0;
		};
/* End PBXFrameworksBuildPhase section */

/* Begin PBXGroup section */
		D01A93E9247813750006F0B6 = {
			isa = PBXGroup;
			children = (
				D01A93F4247813750006F0B6 /* SpaceShooter */,
				D01A940F247813780006F0B6 /* SpaceShooterTests */,
				D01A941A247813780006F0B6 /* SpaceShooterUITests */,
				D01A93F3247813750006F0B6 /* Products */,
			);
			sourceTree = "<group>";
		};
		D01A93F3247813750006F0B6 /* Products */ = {
			isa = PBXGroup;
			children = (
				D01A93F2247813750006F0B6 /* SpaceShooter.app */,
				D01A940C247813780006F0B6 /* SpaceShooterTests.xctest */,
				D01A9417247813780006F0B6 /* SpaceShooterUITests.xctest */,
			);
			name = Products;
			sourceTree = "<group>";
		};
		D01A93F4247813750006F0B6 /* SpaceShooter */ = {
			isa = PBXGroup;
			children = (
				D01A93F5247813750006F0B6 /* AppDelegate.swift */,
				D01A93F7247813750006F0B6 /* GameScene.sks */,
				D01A93F9247813750006F0B6 /* Actions.sks */,
				D01A93FB247813750006F0B6 /* GameScene.swift */,
				D01A93FD247813750006F0B6 /* GameViewController.swift */,
				D01A93FF247813750006F0B6 /* Main.storyboard */,
				D01A9402247813770006F0B6 /* Assets.xcassets */,
				D01A9404247813770006F0B6 /* LaunchScreen.storyboard */,
				D01A9407247813770006F0B6 /* Info.plist */,
			);
			path = SpaceShooter;
			sourceTree = "<group>";
		};
		D01A940F247813780006F0B6 /* SpaceShooterTests */ = {
			isa = PBXGroup;
			children = (
				D01A9410247813780006F0B6 /* SpaceShooterTests.swift */,
				D01A9412247813780006F0B6 /* Info.plist */,
			);
			path = SpaceShooterTests;
			sourceTree = "<group>";
		};
		D01A941A247813780006F0B6 /* SpaceShooterUITests */ = {
			isa = PBXGroup;
			children = (
				D01A941B247813780006F0B6 /* SpaceShooterUITests.swift */,
				D01A941D247813780006F0B6 /* Info.plist */,
			);
			path = SpaceShooterUITests;
			sourceTree = "<group>";
		};
/* End PBXGroup section */

/* Begin PBXNativeTarget section */
		D01A93F1247813750006F0B6 /* SpaceShooter */ = {
			isa = PBXNativeTarget;
			buildConfigurationList = D01A9420247813780006F0B6 /* Build configuration list for PBXNativeTarget "SpaceShooter" */;
			buildPhases = (
				D01A93EE247813750006F0B6 /* Sources */,
				D01A93EF247813750006F0B6 /* Frameworks */,
				D01A93F0247813750006F0B6 /* Resources */,
			);
			buildRules = (
			);
			dependencies = (
			);
			name = SpaceShooter;
			productName = SpaceShooter;
			productReference = D01A93F2247813750006F0B6 /* SpaceShooter.app */;
			productType = "com.apple.product-type.application";
		};
		D01A940B247813780006F0B6 /* SpaceShooterTests */ = {
			isa = PBXNativeTarget;
			buildConfigurationList = D01A9423247813780006F0B6 /* Build configuration list for PBXNativeTarget "SpaceShooterTests" */;
			buildPhases = (
				D01A9408247813780006F0B6 /* Sources */,
				D01A9409247813780006F0B6 /* Frameworks */,
				D01A940A247813780006F0B6 /* Resources */,
			);
			buildRules = (
			);
			dependencies = (
				D01A940E247813780006F0B6 /* PBXTargetDependency */,
			);
			name = SpaceShooterTests;
			productName = SpaceShooterTests;
			productReference = D01A940C247813780006F0B6 /* SpaceShooterTests.xctest */;
			productType = "com.apple.product-type.bundle.unit-test";
		};
		D01A9416247813780006F0B6 /* SpaceShooterUITests */ = {
			isa = PBXNativeTarget;
			buildConfigurationList = D01A9426247813780006F0B6 /* Build configuration list for PBXNativeTarget "SpaceShooterUITests" */;
			buildPhases = (
				D01A9413247813780006F0B6 /* Sources */,
				D01A9414247813780006F0B6 /* Frameworks */,
				D01A9415247813780006F0B6 /* Resources */,
			);
			buildRules = (
			);
			dependencies = (
				D01A9419247813780006F0B6 /* PBXTargetDependency */,
			);
			name = SpaceShooterUITests;
			productName = SpaceShooterUITests;
			productReference = D01A9417247813780006F0B6 /* SpaceShooterUITests.xctest */;
			productType = "com.apple.product-type.bundle.ui-testing";
		};
/* End PBXNativeTarget section */

/* Begin PBXProject section */
		D01A93EA247813750006F0B6 /* Project object */ = {
			isa = PBXProject;
			attributes = {
				LastSwiftUpdateCheck = 1010;
				LastUpgradeCheck = 1010;
				ORGANIZATIONNAME = "Евгений";
				TargetAttributes = {
					D01A93F1247813750006F0B6 = {
						CreatedOnToolsVersion = 10.1;
					};
					D01A940B247813780006F0B6 = {
						CreatedOnToolsVersion = 10.1;
						TestTargetID = D01A93F1247813750006F0B6;
					};
					D01A9416247813780006F0B6 = {
						CreatedOnToolsVersion = 10.1;
						TestTargetID = D01A93F1247813750006F0B6;
					};
				};
			};
			buildConfigurationList = D01A93ED247813750006F0B6 /* Build configuration list for PBXProject "SpaceShooter" */;
			compatibilityVersion = "Xcode 9.3";
			developmentRegion = en;
			hasScannedForEncodings = 0;
			knownRegions = (
				en,
				Base,
			);
			mainGroup = D01A93E9247813750006F0B6;
			productRefGroup = D01A93F3247813750006F0B6 /* Products */;
			projectDirPath = "";
			projectRoot = "";
			targets = (
				D01A93F1247813750006F0B6 /* SpaceShooter */,
				D01A940B247813780006F0B6 /* SpaceShooterTests */,
				D01A9416247813780006F0B6 /* SpaceShooterUITests */,
			);
		};
/* End PBXProject section */

/* Begin PBXResourcesBuildPhase section */
		D01A93F0247813750006F0B6 /* Resources */ = {
			isa = PBXResourcesBuildPhase;
			buildActionMask = 2147483647;
			files = (
				D01A9401247813750006F0B6 /* Main.storyboard in Resources */,
				D01A93F8247813750006F0B6 /* GameScene.sks in Resources */,
				D01A9403247813770006F0B6 /* Assets.xcassets in Resources */,
				D01A9406247813770006F0B6 /* LaunchScreen.storyboard in Resources */,
				D01A93FA247813750006F0B6 /* Actions.sks in Resources */,
			);
			runOnlyForDeploymentPostprocessing = 0;
		};
		D01A940A247813780006F0B6 /* Resources */ = {
			isa = PBXResourcesBuildPhase;
			buildActionMask = 2147483647;
			files = (
			);
			runOnlyForDeploymentPostprocessing = 0;
		};
		D01A9415247813780006F0B6 /* Resources */ = {
			isa = PBXResourcesBuildPhase;
			buildActionMask = 2147483647;
			files = (
			);
			runOnlyForDeploymentPostprocessing = 0;
		};
/* End PBXResourcesBuildPhase section */

/* Begin PBXSourcesBuildPhase section */
		D01A93EE247813750006F0B6 /* Sources */ = {
			isa = PBXSourcesBuildPhase;
			buildActionMask = 2147483647;
			files = (
				D01A93FC247813750006F0B6 /* GameScene.swift in Sources */,
				D01A93FE247813750006F0B6 /* GameViewController.swift in Sources */,
				D01A93F6247813750006F0B6 /* AppDelegate.swift in Sources */,
			);
			runOnlyForDeploymentPostprocessing = 0;
		};
		D01A9408247813780006F0B6 /* Sources */ = {
			isa = PBXSourcesBuildPhase;
			buildActionMask = 2147483647;
			files = (
				D01A9411247813780006F0B6 /* SpaceShooterTests.swift in Sources */,
			);
			runOnlyForDeploymentPostprocessing = 0;
		};
		D01A9413247813780006F0B6 /* Sources */ = {
			isa = PBXSourcesBuildPhase;
			buildActionMask = 2147483647;
			files = (
				D01A941C247813780006F0B6 /* SpaceShooterUITests.swift in Sources */,
			);
			runOnlyForDeploymentPostprocessing = 0;
		};
/* End PBXSourcesBuildPhase section */

/* Begin PBXTargetDependency section */
		D01A940E247813780006F0B6 /* PBXTargetDependency */ = {
			isa = PBXTargetDependency;
			target = D01A93F1247813750006F0B6 /* SpaceShooter */;
			targetProxy = D01A940D247813780006F0B6 /* PBXContainerItemProxy */;
		};
		D01A9419247813780006F0B6 /* PBXTargetDependency */ = {
			isa = PBXTargetDependency;
			target = D01A93F1247813750006F0B6 /* SpaceShooter */;
			targetProxy = D01A9418247813780006F0B6 /* PBXContainerItemProxy */;
		};
/* End PBXTargetDependency section */

/* Begin PBXVariantGroup section */
		D01A93FF247813750006F0B6 /* Main.storyboard */ = {
			isa = PBXVariantGroup;
			children = (
				D01A9400247813750006F0B6 /* Base */,
			);
			name = Main.storyboard;
			sourceTree = "<group>";
		};
		D01A9404247813770006F0B6 /* LaunchScreen.storyboard */ = {
			isa = PBXVariantGroup;
			children = (
				D01A9405247813770006F0B6 /* Base */,
			);
			name = LaunchScreen.storyboard;
			sourceTree = "<group>";
		};
/* End PBXVariantGroup section */

/* Begin XCBuildConfiguration section */
		D01A941E247813780006F0B6 /* Debug */ = {
			isa = XCBuildConfiguration;
			buildSettings = {
				ALWAYS_SEARCH_USER_PATHS = NO;
				CLANG_ANALYZER_NONNULL = YES;
				CLANG_ANALYZER_NUMBER_OBJECT_CONVERSION = YES_AGGRESSIVE;
				CLANG_CXX_LANGUAGE_STANDARD = "gnu++14";
				CLANG_CXX_LIBRARY = "libc++";
				CLANG_ENABLE_MODULES = YES;
				CLANG_ENABLE_OBJC_ARC = YES;
				CLANG_ENABLE_OBJC_WEAK = YES;
				CLANG_WARN_BLOCK_CAPTURE_AUTORELEASING = YES;
				CLANG_WARN_BOOL_CONVERSION = YES;
				CLANG_WARN_COMMA = YES;
				CLANG_WARN_CONSTANT_CONVERSION = YES;
				CLANG_WARN_DEPRECATED_OBJC_IMPLEMENTATIONS = YES;
				CLANG_WARN_DIRECT_OBJC_ISA_USAGE = YES_ERROR;
				CLANG_WARN_DOCUMENTATION_COMMENTS = YES;
				CLANG_WARN_EMPTY_BODY = YES;
				CLANG_WARN_ENUM_CONVERSION = YES;
				CLANG_WARN_INFINITE_RECURSION = YES;
				CLANG_WARN_INT_CONVERSION = YES;
				CLANG_WARN_NON_LITERAL_NULL_CONVERSION = YES;
				CLANG_WARN_OBJC_IMPLICIT_RETAIN_SELF = YES;
				CLANG_WARN_OBJC_LITERAL_CONVERSION = YES;
				CLANG_WARN_OBJC_ROOT_CLASS = YES_ERROR;
				CLANG_WARN_RANGE_LOOP_ANALYSIS = YES;
				CLANG_WARN_STRICT_PROTOTYPES = YES;
				CLANG_WARN_SUSPICIOUS_MOVE = YES;
				CLANG_WARN_UNGUARDED_AVAILABILITY = YES_AGGRESSIVE;
				CLANG_WARN_UNREACHABLE_CODE = YES;
				CLANG_WARN__DUPLICATE_METHOD_MATCH = YES;
				CODE_SIGN_IDENTITY = "iPhone Developer";
				COPY_PHASE_STRIP = NO;
				DEBUG_INFORMATION_FORMAT = dwarf;
				ENABLE_STRICT_OBJC_MSGSEND = YES;
				ENABLE_TESTABILITY = YES;
				GCC_C_LANGUAGE_STANDARD = gnu11;
				GCC_DYNAMIC_NO_PIC = NO;
				GCC_NO_COMMON_BLOCKS = YES;
				GCC_OPTIMIZATION_LEVEL = 0;
				GCC_PREPROCESSOR_DEFINITIONS = (
					"DEBUG=1",
					"$(inherited)",
				);
				GCC_WARN_64_TO_32_BIT_CONVERSION = YES;
				GCC_WARN_ABOUT_RETURN_TYPE = YES_ERROR;
				GCC_WARN_UNDECLARED_SELECTOR = YES;
				GCC_WARN_UNINITIALIZED_AUTOS = YES_AGGRESSIVE;
				GCC_WARN_UNUSED_FUNCTION = YES;
				GCC_WARN_UNUSED_VARIABLE = YES;
				IPHONEOS_DEPLOYMENT_TARGET = 12.1;
				MTL_ENABLE_DEBUG_INFO = INCLUDE_SOURCE;
				MTL_FAST_MATH = YES;
				ONLY_ACTIVE_ARCH = YES;
				SDKROOT = iphoneos;
				SWIFT_ACTIVE_COMPILATION_CONDITIONS = DEBUG;
				SWIFT_OPTIMIZATION_LEVEL = "-Onone";
			};
			name = Debug;
		};
		D01A941F247813780006F0B6 /* Release */ = {
			isa = XCBuildConfiguration;
			buildSettings = {
				ALWAYS_SEARCH_USER_PATHS = NO;
				CLANG_ANALYZER_NONNULL = YES;
				CLANG_ANALYZER_NUMBER_OBJECT_CONVERSION = YES_AGGRESSIVE;
				CLANG_CXX_LANGUAGE_STANDARD = "gnu++14";
				CLANG_CXX_LIBRARY = "libc++";
				CLANG_ENABLE_MODULES = YES;
				CLANG_ENABLE_OBJC_ARC = YES;
				CLANG_ENABLE_OBJC_WEAK = YES;
				CLANG_WARN_BLOCK_CAPTURE_AUTORELEASING = YES;
				CLANG_WARN_BOOL_CONVERSION = YES;
				CLANG_WARN_COMMA = YES;
				CLANG_WARN_CONSTANT_CONVERSION = YES;
				CLANG_WARN_DEPRECATED_OBJC_IMPLEMENTATIONS = YES;
				CLANG_WARN_DIRECT_OBJC_ISA_USAGE = YES_ERROR;
				CLANG_WARN_DOCUMENTATION_COMMENTS = YES;
				CLANG_WARN_EMPTY_BODY = YES;
				CLANG_WARN_ENUM_CONVERSION = YES;
				CLANG_WARN_INFINITE_RECURSION = YES;
				CLANG_WARN_INT_CONVERSION = YES;
				CLANG_WARN_NON_LITERAL_NULL_CONVERSION = YES;
				CLANG_WARN_OBJC_IMPLICIT_RETAIN_SELF = YES;
				CLANG_WARN_OBJC_LITERAL_CONVERSION = YES;
				CLANG_WARN_OBJC_ROOT_CLASS = YES_ERROR;
				CLANG_WARN_RANGE_LOOP_ANALYSIS = YES;
				CLANG_WARN_STRICT_PROTOTYPES = YES;
				CLANG_WARN_SUSPICIOUS_MOVE = YES;
				CLANG_WARN_UNGUARDED_AVAILABILITY = YES_AGGRESSIVE;
				CLANG_WARN_UNREACHABLE_CODE = YES;
				CLANG_WARN__DUPLICATE_METHOD_MATCH = YES;
				CODE_SIGN_IDENTITY = "iPhone Developer";
				COPY_PHASE_STRIP = NO;
				DEBUG_INFORMATION_FORMAT = "dwarf-with-dsym";
				ENABLE_NS_ASSERTIONS = NO;
				ENABLE_STRICT_OBJC_MSGSEND = YES;
				GCC_C_LANGUAGE_STANDARD = gnu11;
				GCC_NO_COMMON_BLOCKS = YES;
				GCC_WARN_64_TO_32_BIT_CONVERSION = YES;
				GCC_WARN_ABOUT_RETURN_TYPE = YES_ERROR;
				GCC_WARN_UNDECLARED_SELECTOR = YES;
				GCC_WARN_UNINITIALIZED_AUTOS = YES_AGGRESSIVE;
				GCC_WARN_UNUSED_FUNCTION = YES;
				GCC_WARN_UNUSED_VARIABLE = YES;
				IPHONEOS_DEPLOYMENT_TARGET = 12.1;
				MTL_ENABLE_DEBUG_INFO = NO;
				MTL_FAST_MATH = YES;
				SDKROOT = iphoneos;
				SWIFT_COMPILATION_MODE = wholemodule;
				SWIFT_OPTIMIZATION_LEVEL = "-O";
				VALIDATE_PRODUCT = YES;
			};
			name = Release;
		};
		D01A9421247813780006F0B6 /* Debug */ = {
			isa = XCBuildConfiguration;
			buildSettings = {
				ASSETCATALOG_COMPILER_APPICON_NAME = AppIcon;
				CODE_SIGN_STYLE = Automatic;
				INFOPLIST_FILE = SpaceShooter/Info.plist;
				LD_RUNPATH_SEARCH_PATHS = (
					"$(inherited)",
					"@executable_path/Frameworks",
				);
				PRODUCT_BUNDLE_IDENTIFIER = evg.SpaceShooter;
				PRODUCT_NAME = "$(TARGET_NAME)";
				SWIFT_VERSION = 4.2;
				TARGETED_DEVICE_FAMILY = "1,2";
			};
			name = Debug;
		};
		D01A9422247813780006F0B6 /* Release */ = {
			isa = XCBuildConfiguration;
			buildSettings = {
				ASSETCATALOG_COMPILER_APPICON_NAME = AppIcon;
				CODE_SIGN_STYLE = Automatic;
				INFOPLIST_FILE = SpaceShooter/Info.plist;
				LD_RUNPATH_SEARCH_PATHS = (
					"$(inherited)",
					"@executable_path/Frameworks",
				);
				PRODUCT_BUNDLE_IDENTIFIER = evg.SpaceShooter;
				PRODUCT_NAME = "$(TARGET_NAME)";
				SWIFT_VERSION = 4.2;
				TARGETED_DEVICE_FAMILY = "1,2";
			};
			name = Release;
		};
		D01A9424247813780006F0B6 /* Debug */ = {
			isa = XCBuildConfiguration;
			buildSettings = {
				ALWAYS_EMBED_SWIFT_STANDARD_LIBRARIES = YES;
				BUNDLE_LOADER = "$(TEST_HOST)";
				CODE_SIGN_STYLE = Automatic;
				INFOPLIST_FILE = SpaceShooterTests/Info.plist;
				LD_RUNPATH_SEARCH_PATHS = (
					"$(inherited)",
					"@executable_path/Frameworks",
					"@loader_path/Frameworks",
				);
				PRODUCT_BUNDLE_IDENTIFIER = evg.SpaceShooterTests;
				PRODUCT_NAME = "$(TARGET_NAME)";
				SWIFT_VERSION = 4.2;
				TARGETED_DEVICE_FAMILY = "1,2";
				TEST_HOST = "$(BUILT_PRODUCTS_DIR)/SpaceShooter.app/SpaceShooter";
			};
			name = Debug;
		};
		D01A9425247813780006F0B6 /* Release */ = {
			isa = XCBuildConfiguration;
			buildSettings = {
				ALWAYS_EMBED_SWIFT_STANDARD_LIBRARIES = YES;
				BUNDLE_LOADER = "$(TEST_HOST)";
				CODE_SIGN_STYLE = Automatic;
				INFOPLIST_FILE = SpaceShooterTests/Info.plist;
				LD_RUNPATH_SEARCH_PATHS = (
					"$(inherited)",
					"@executable_path/Frameworks",
					"@loader_path/Frameworks",
				);
				PRODUCT_BUNDLE_IDENTIFIER = evg.SpaceShooterTests;
				PRODUCT_NAME = "$(TARGET_NAME)";
				SWIFT_VERSION = 4.2;
				TARGETED_DEVICE_FAMILY = "1,2";
				TEST_HOST = "$(BUILT_PRODUCTS_DIR)/SpaceShooter.app/SpaceShooter";
			};
			name = Release;
		};
		D01A9427247813780006F0B6 /* Debug */ = {
			isa = XCBuildConfiguration;
			buildSettings = {
				ALWAYS_EMBED_SWIFT_STANDARD_LIBRARIES = YES;
				CODE_SIGN_STYLE = Automatic;
				INFOPLIST_FILE = SpaceShooterUITests/Info.plist;
				LD_RUNPATH_SEARCH_PATHS = (
					"$(inherited)",
					"@executable_path/Frameworks",
					"@loader_path/Frameworks",
				);
				PRODUCT_BUNDLE_IDENTIFIER = evg.SpaceShooterUITests;
				PRODUCT_NAME = "$(TARGET_NAME)";
				SWIFT_VERSION = 4.2;
				TARGETED_DEVICE_FAMILY = "1,2";
				TEST_TARGET_NAME = SpaceShooter;
			};
			name = Debug;
		};
		D01A9428247813780006F0B6 /* Release */ = {
			isa = XCBuildConfiguration;
			buildSettings = {
				ALWAYS_EMBED_SWIFT_STANDARD_LIBRARIES = YES;
				CODE_SIGN_STYLE = Automatic;
				INFOPLIST_FILE = SpaceShooterUITests/Info.plist;
				LD_RUNPATH_SEARCH_PATHS = (
					"$(inherited)",
					"@executable_path/Frameworks",
					"@loader_path/Frameworks",
				);
				PRODUCT_BUNDLE_IDENTIFIER = evg.SpaceShooterUITests;
				PRODUCT_NAME = "$(TARGET_NAME)";
				SWIFT_VERSION = 4.2;
				TARGETED_DEVICE_FAMILY = "1,2";
				TEST_TARGET_NAME = SpaceShooter;
			};
			name = Release;
		};
/* End XCBuildConfiguration section */

/* Begin XCConfigurationList section */
		D01A93ED247813750006F0B6 /* Build configuration list for PBXProject "SpaceShooter" */ = {
			isa = XCConfigurationList;
			buildConfigurations = (
				D01A941E247813780006F0B6 /* Debug */,
				D01A941F247813780006F0B6 /* Release */,
			);
			defaultConfigurationIsVisible = 0;
			defaultConfigurationName = Release;
		};
		D01A9420247813780006F0B6 /* Build configuration list for PBXNativeTarget "SpaceShooter" */ = {
			isa = XCConfigurationList;
			buildConfigurations = (
				D01A9421247813780006F0B6 /* Debug */,
				D01A9422247813780006F0B6 /* Release */,
			);
			defaultConfigurationIsVisible = 0;
			defaultConfigurationName = Release;
		};
		D01A9423247813780006F0B6 /* Build configuration list for PBXNativeTarget "SpaceShooterTests" */ = {
			isa = XCConfigurationList;
			buildConfigurations = (
				D01A9424247813780006F0B6 /* Debug */,
				D01A9425247813780006F0B6 /* Release */,
			);
			defaultConfigurationIsVisible = 0;
			defaultConfigurationName = Release;
		};
		D01A9426247813780006F0B6 /* Build configuration list for PBXNativeTarget "SpaceShooterUITests" */ = {
			isa = XCConfigurationList;
			buildConfigurations = (
				D01A9427247813780006F0B6 /* Debug */,
				D01A9428247813780006F0B6 /* Release */,
			);
			defaultConfigurationIsVisible = 0;
			defaultConfigurationName = Release;
		};
/* End XCConfigurationList section */
	};
	rootObject = D01A93EA247813750006F0B6 /* Project object */;
}
